
Microsoft Visual Studio Solution File, Format Version 12.00
# Visual Studio Version 17
VisualStudioVersion = 17.6.34408.137
MinimumVisualStudioVersion = 10.0.40219.1
Project("{FAE04EC0-301F-11D3-BF4B-00C04F79EFBC}") = "ServiceNowFilesToFTP", "ServiceNowFilesToFTP\ServiceNowFilesToFTP.csproj", "{A712BB22-A0BA-409F-930D-8F83FB59796E}"
EndProject
Global
	GlobalSection(SolutionConfigurationPlatforms) = preSolution
		Debug|Any CPU = Debug|Any CPU
		Release|Any CPU = Release|Any CPU
	EndGlobalSection
	GlobalSection(ProjectConfigurationPlatforms) = postSolution
		{A712BB22-A0BA-409F-930D-8F83FB59796E}.Debug|Any CPU.ActiveCfg = Debug|Any CPU
		{A712BB22-A0BA-409F-930D-8F83FB59796E}.Debug|Any CPU.Build.0 = Debug|Any CPU
		{A712BB22-A0BA-409F-930D-8F83FB59796E}.Release|Any CPU.ActiveCfg = Release|Any CPU
		{A712BB22-A0BA-409F-930D-8F83FB59796E}.Release|Any CPU.Build.0 = Release|Any CPU
	EndGlobalSection
	GlobalSection(SolutionProperties) = preSolution
		HideSolutionNode = FALSE
	EndGlobalSection
	GlobalSection(ExtensibilityGlobals) = postSolution
		SolutionGuid = {F7D54CB6-D6AB-4D96-94BD-F296EA47BC00}
	EndGlobalSection
EndGlobal
